[{<<"fifo_dt">>,{pkg,<<"fifo_dt">>,<<"0.2.11">>},1},
 {<<"fifo_spec">>,{pkg,<<"fifo_spec">>,<<"0.1.32">>},0},
 {<<"fifo_utils">>,{pkg,<<"fifo_utils">>,<<"0.1.38">>},2},
 {<<"goldrush">>,{pkg,<<"goldrush">>,<<"0.1.9">>},1},
 {<<"jsone">>,{pkg,<<"jsone">>,<<"1.4.4">>},3},
 {<<"jsxd">>,{pkg,<<"jsxd">>,<<"0.2.4">>},2},
 {<<"lager">>,{pkg,<<"lager">>,<<"3.5.1">>},0},
 {<<"libsnarlmatch">>,{pkg,<<"libsnarlmatch">>,<<"0.1.8">>},2},
 {<<"quickrand">>,{pkg,<<"quickrand">>,<<"1.5.4">>},4},
 {<<"riak_dt">>,{pkg,<<"riak_dt">>,<<"2.1.1">>},2},
 {<<"uuid">>,{pkg,<<"uuid_erl">>,<<"1.5.4">>},3}].
